
Microsoft Visual Studio Solution File, Format Version 12.00
# Visual Studio 2013
VisualStudioVersion = 12.0.21005.1
MinimumVisualStudioVersion = 10.0.40219.1
Project("{FAE04EC0-301F-11D3-BF4B-00C04F79EFBC}") = "IOCConsole", "IOCConsole\IOCConsole.csproj", "{E2A8BF0F-992D-48AC-AEE4-126CA0078E1A}"
EndProject
Project("{FAE04EC0-301F-11D3-BF4B-00C04F79EFBC}") = "IServer", "IServer\IServer.csproj", "{2E24F403-FD52-41EF-8629-FCF3F3695FAE}"
EndProject
Project("{FAE04EC0-301F-11D3-BF4B-00C04F79EFBC}") = "BLL", "BLL\BLL.csproj", "{EE1E1EA5-B3C2-4E93-9A40-CBC8F1087268}"
EndProject
Global
	GlobalSection(SolutionConfigurationPlatforms) = preSolution
		Debug|Any CPU = Debug|Any CPU
		Release|Any CPU = Release|Any CPU
	EndGlobalSection
	GlobalSection(ProjectConfigurationPlatforms) = postSolution
		{E2A8BF0F-992D-48AC-AEE4-126CA0078E1A}.Debug|Any CPU.ActiveCfg = Debug|Any CPU
		{E2A8BF0F-992D-48AC-AEE4-126CA0078E1A}.Debug|Any CPU.Build.0 = Debug|Any CPU
		{E2A8BF0F-992D-48AC-AEE4-126CA0078E1A}.Release|Any CPU.ActiveCfg = Release|Any CPU
		{E2A8BF0F-992D-48AC-AEE4-126CA0078E1A}.Release|Any CPU.Build.0 = Release|Any CPU
		{2E24F403-FD52-41EF-8629-FCF3F3695FAE}.Debug|Any CPU.ActiveCfg = Debug|Any CPU
		{2E24F403-FD52-41EF-8629-FCF3F3695FAE}.Debug|Any CPU.Build.0 = Debug|Any CPU
		{2E24F403-FD52-41EF-8629-FCF3F3695FAE}.Release|Any CPU.ActiveCfg = Release|Any CPU
		{2E24F403-FD52-41EF-8629-FCF3F3695FAE}.Release|Any CPU.Build.0 = Release|Any CPU
		{EE1E1EA5-B3C2-4E93-9A40-CBC8F1087268}.Debug|Any CPU.ActiveCfg = Debug|Any CPU
		{EE1E1EA5-B3C2-4E93-9A40-CBC8F1087268}.Debug|Any CPU.Build.0 = Debug|Any CPU
		{EE1E1EA5-B3C2-4E93-9A40-CBC8F1087268}.Release|Any CPU.ActiveCfg = Release|Any CPU
		{EE1E1EA5-B3C2-4E93-9A40-CBC8F1087268}.Release|Any CPU.Build.0 = Release|Any CPU
	EndGlobalSection
	GlobalSection(SolutionProperties) = preSolution
		HideSolutionNode = FALSE
	EndGlobalSection
EndGlobal
